// !$*UTF8*$!
{
	archiveVersion = 1;
	classes = {
	};
	objectVersion = 46;
	objects = {

/* Begin PBXBuildFile section */
		F471C2F81EE0DE1800A24BD7 /* AppDelegate.swift in Sources */ = {isa = PBXBuildFile; fileRef = F471C2F71EE0DE1800A24BD7 /* AppDelegate.swift */; };
		F471C2FD1EE0DE1800A24BD7 /* Main.storyboard in Resources */ = {isa = PBXBuildFile; fileRef = F471C2FB1EE0DE1800A24BD7 /* Main.storyboard */; };
		F471C2FF1EE0DE1800A24BD7 /* Assets.xcassets in Resources */ = {isa = PBXBuildFile; fileRef = F471C2FE1EE0DE1800A24BD7 /* Assets.xcassets */; };
		F471C3021EE0DE1800A24BD7 /* LaunchScreen.storyboard in Resources */ = {isa = PBXBuildFile; fileRef = F471C3001EE0DE1800A24BD7 /* LaunchScreen.storyboard */; };
		F471C30A1EE0F53400A24BD7 /* ContactPerson.swift in Sources */ = {isa = PBXBuildFile; fileRef = F471C3091EE0F53400A24BD7 /* ContactPerson.swift */; };
		F471C30C1EE0F72400A24BD7 /* ContactPersonDataSource.swift in Sources */ = {isa = PBXBuildFile; fileRef = F471C30B1EE0F72400A24BD7 /* ContactPersonDataSource.swift */; };
		F471C30E1EE0FB9100A24BD7 /* AddressBookTableViewController.swift in Sources */ = {isa = PBXBuildFile; fileRef = F471C30D1EE0FB9100A24BD7 /* AddressBookTableViewController.swift */; };
/* End PBXBuildFile section */

/* Begin PBXFileReference section */
		F471C2F41EE0DE1800A24BD7 /* ContactNotes.app */ = {isa = PBXFileReference; explicitFileType = wrapper.application; includeInIndex = 0; path = ContactNotes.app; sourceTree = BUILT_PRODUCTS_DIR; };
		F471C2F71EE0DE1800A24BD7 /* AppDelegate.swift */ = {isa = PBXFileReference; lastKnownFileType = sourcecode.swift; path = AppDelegate.swift; sourceTree = "<group>"; };
		F471C2FC1EE0DE1800A24BD7 /* Base */ = {isa = PBXFileReference; lastKnownFileType = file.storyboard; name = Base; path = Base.lproj/Main.storyboard; sourceTree = "<group>"; };
		F471C2FE1EE0DE1800A24BD7 /* Assets.xcassets */ = {isa = PBXFileReference; lastKnownFileType = folder.assetcatalog; path = Assets.xcassets; sourceTree = "<group>"; };
		F471C3011EE0DE1800A24BD7 /* Base */ = {isa = PBXFileReference; lastKnownFileType = file.storyboard; name = Base; path = Base.lproj/LaunchScreen.storyboard; sourceTree = "<group>"; };
		F471C3031EE0DE1800A24BD7 /* Info.plist */ = {isa = PBXFileReference; lastKnownFileType = text.plist.xml; path = Info.plist; sourceTree = "<group>"; };
		F471C3091EE0F53400A24BD7 /* ContactPerson.swift */ = {isa = PBXFileReference; fileEncoding = 4; lastKnownFileType = sourcecode.swift; name = ContactPerson.swift; path = ../ContactPerson.swift; sourceTree = "<group>"; };
		F471C30B1EE0F72400A24BD7 /* ContactPersonDataSource.swift */ = {isa = PBXFileReference; fileEncoding = 4; lastKnownFileType = sourcecode.swift; name = ContactPersonDataSource.swift; path = ../ContactPersonDataSource.swift; sourceTree = "<group>"; };
		F471C30D1EE0FB9100A24BD7 /* AddressBookTableViewController.swift */ = {isa = PBXFileReference; fileEncoding = 4; lastKnownFileType = sourcecode.swift; name = AddressBookTableViewController.swift; path = ../AddressBookTableViewController.swift; sourceTree = "<group>"; };
/* End PBXFileReference section */

/* Begin PBXFrameworksBuildPhase section */
		F471C2F11EE0DE1800A24BD7 /* Frameworks */ = {
			isa = PBXFrameworksBuildPhase;
			buildActionMask = 2147483647;
			files = (
			);
			runOnlyForDeploymentPostprocessing = 0;
		};
/* End PBXFrameworksBuildPhase section */

/* Begin PBXGroup section */
		F471C2EB1EE0DE1800A24BD7 = {
			isa = PBXGroup;
			children = (
				F471C2F61EE0DE1800A24BD7 /* ContactNotes */,
				F471C2F51EE0DE1800A24BD7 /* Products */,
			);
			sourceTree = "<group>";
		};
		F471C2F51EE0DE1800A24BD7 /* Products */ = {
			isa = PBXGroup;
			children = (
				F471C2F41EE0DE1800A24BD7 /* ContactNotes.app */,
			);
			name = Products;
			sourceTree = "<group>";
		};
		F471C2F61EE0DE1800A24BD7 /* ContactNotes */ = {
			isa = PBXGroup;
			children = (
				F471C2F71EE0DE1800A24BD7 /* AppDelegate.swift */,
				F471C3091EE0F53400A24BD7 /* ContactPerson.swift */,
				F471C30D1EE0FB9100A24BD7 /* AddressBookTableViewController.swift */,
				F471C30B1EE0F72400A24BD7 /* ContactPersonDataSource.swift */,
				F471C2FB1EE0DE1800A24BD7 /* Main.storyboard */,
				F471C2FE1EE0DE1800A24BD7 /* Assets.xcassets */,
				F471C3001EE0DE1800A24BD7 /* LaunchScreen.storyboard */,
				F471C3031EE0DE1800A24BD7 /* Info.plist */,
			);
			path = ContactNotes;
			sourceTree = "<group>";
		};
/* End PBXGroup section */

/* Begin PBXNativeTarget section */
		F471C2F31EE0DE1800A24BD7 /* ContactNotes */ = {
			isa = PBXNativeTarget;
			buildConfigurationList = F471C3061EE0DE1800A24BD7 /* Build configuration list for PBXNativeTarget "ContactNotes" */;
			buildPhases = (
				F471C2F01EE0DE1800A24BD7 /* Sources */,
				F471C2F11EE0DE1800A24BD7 /* Frameworks */,
				F471C2F21EE0DE1800A24BD7 /* Resources */,
			);
			buildRules = (
			);
			dependencies = (
			);
			name = ContactNotes;
			productName = ContactNotes;
			productReference = F471C2F41EE0DE1800A24BD7 /* ContactNotes.app */;
			productType = "com.apple.product-type.application";
		};
/* End PBXNativeTarget section */

/* Begin PBXProject section */
		F471C2EC1EE0DE1800A24BD7 /* Project object */ = {
			isa = PBXProject;
			attributes = {
				LastSwiftUpdateCheck = 0830;
				LastUpgradeCheck = 0830;
				ORGANIZATIONNAME = "Zach McDermott";
				TargetAttributes = {
					F471C2F31EE0DE1800A24BD7 = {
						CreatedOnToolsVersion = 8.3.2;
						DevelopmentTeam = 6A99ZJ3DAC;
						ProvisioningStyle = Automatic;
					};
				};
			};
			buildConfigurationList = F471C2EF1EE0DE1800A24BD7 /* Build configuration list for PBXProject "ContactNotes" */;
			compatibilityVersion = "Xcode 3.2";
			developmentRegion = English;
			hasScannedForEncodings = 0;
			knownRegions = (
				en,
				Base,
			);
			mainGroup = F471C2EB1EE0DE1800A24BD7;
			productRefGroup = F471C2F51EE0DE1800A24BD7 /* Products */;
			projectDirPath = "";
			projectRoot = "";
			targets = (
				F471C2F31EE0DE1800A24BD7 /* ContactNotes */,
			);
		};
/* End PBXProject section */

/* Begin PBXResourcesBuildPhase section */
		F471C2F21EE0DE1800A24BD7 /* Resources */ = {
			isa = PBXResourcesBuildPhase;
			buildActionMask = 2147483647;
			files = (
				F471C3021EE0DE1800A24BD7 /* LaunchScreen.storyboard in Resources */,
				F471C2FF1EE0DE1800A24BD7 /* Assets.xcassets in Resources */,
				F471C2FD1EE0DE1800A24BD7 /* Main.storyboard in Resources */,
			);
			runOnlyForDeploymentPostprocessing = 0;
		};
/* End PBXResourcesBuildPhase section */

/* Begin PBXSourcesBuildPhase section */
		F471C2F01EE0DE1800A24BD7 /* Sources */ = {
			isa = PBXSourcesBuildPhase;
			buildActionMask = 2147483647;
			files = (
				F471C2F81EE0DE1800A24BD7 /* AppDelegate.swift in Sources */,
				F471C30C1EE0F72400A24BD7 /* ContactPersonDataSource.swift in Sources */,
				F471C30A1EE0F53400A24BD7 /* ContactPerson.swift in Sources */,
				F471C30E1EE0FB9100A24BD7 /* AddressBookTableViewController.swift in Sources */,
			);
			runOnlyForDeploymentPostprocessing = 0;
		};
/* End PBXSourcesBuildPhase section */

/* Begin PBXVariantGroup section */
		F471C2FB1EE0DE1800A24BD7 /* Main.storyboard */ = {
			isa = PBXVariantGroup;
			children = (
				F471C2FC1EE0DE1800A24BD7 /* Base */,
			);
			name = Main.storyboard;
			sourceTree = "<group>";
		};
		F471C3001EE0DE1800A24BD7 /* LaunchScreen.storyboard */ = {
			isa = PBXVariantGroup;
			children = (
				F471C3011EE0DE1800A24BD7 /* Base */,
			);
			name = LaunchScreen.storyboard;
			sourceTree = "<group>";
		};
/* End PBXVariantGroup section */

/* Begin XCBuildConfiguration section */
		F471C3041EE0DE1800A24BD7 /* Debug */ = {
			isa = XCBuildConfiguration;
			buildSettings = {
				ALWAYS_SEARCH_USER_PATHS = NO;
				CLANG_ANALYZER_NONNULL = YES;
				CLANG_ANALYZER_NUMBER_OBJECT_CONVERSION = YES_AGGRESSIVE;
				CLANG_CXX_LANGUAGE_STANDARD = "gnu++0x";
				CLANG_CXX_LIBRARY = "libc++";
				CLANG_ENABLE_MODULES = YES;
				CLANG_ENABLE_OBJC_ARC = YES;
				CLANG_WARN_BOOL_CONVERSION = YES;
				CLANG_WARN_CONSTANT_CONVERSION = YES;
				CLANG_WARN_DIRECT_OBJC_ISA_USAGE = YES_ERROR;
				CLANG_WARN_DOCUMENTATION_COMMENTS = YES;
				CLANG_WARN_EMPTY_BODY = YES;
				CLANG_WARN_ENUM_CONVERSION = YES;
				CLANG_WARN_INFINITE_RECURSION = YES;
				CLANG_WARN_INT_CONVERSION = YES;
				CLANG_WARN_OBJC_ROOT_CLASS = YES_ERROR;
				CLANG_WARN_SUSPICIOUS_MOVE = YES;
				CLANG_WARN_UNREACHABLE_CODE = YES;
				CLANG_WARN__DUPLICATE_METHOD_MATCH = YES;
				"CODE_SIGN_IDENTITY[sdk=iphoneos*]" = "iPhone Developer";
				COPY_PHASE_STRIP = NO;
				DEBUG_INFORMATION_FORMAT = dwarf;
				ENABLE_STRICT_OBJC_MSGSEND = YES;
				ENABLE_TESTABILITY = YES;
				GCC_C_LANGUAGE_STANDARD = gnu99;
				GCC_DYNAMIC_NO_PIC = NO;
				GCC_NO_COMMON_BLOCKS = YES;
				GCC_OPTIMIZATION_LEVEL = 0;
				GCC_PREPROCESSOR_DEFINITIONS = (
					"DEBUG=1",
					"$(inherited)",
				);
				GCC_WARN_64_TO_32_BIT_CONVERSION = YES;
				GCC_WARN_ABOUT_RETURN_TYPE = YES_ERROR;
				GCC_WARN_UNDECLARED_SELECTOR = YES;
				GCC_WARN_UNINITIALIZED_AUTOS = YES_AGGRESSIVE;
				GCC_WARN_UNUSED_FUNCTION = YES;
				GCC_WARN_UNUSED_VARIABLE = YES;
				IPHONEOS_DEPLOYMENT_TARGET = 10.3;
				MTL_ENABLE_DEBUG_INFO = YES;
				ONLY_ACTIVE_ARCH = YES;
				SDKROOT = iphoneos;
				SWIFT_ACTIVE_COMPILATION_CONDITIONS = DEBUG;
				SWIFT_OPTIMIZATION_LEVEL = "-Onone";
				TARGETED_DEVICE_FAMILY = "1,2";
			};
			name = Debug;
		};
		F471C3051EE0DE1800A24BD7 /* Release */ = {
			isa = XCBuildConfiguration;
			buildSettings = {
				ALWAYS_SEARCH_USER_PATHS = NO;
				CLANG_ANALYZER_NONNULL = YES;
				CLANG_ANALYZER_NUMBER_OBJECT_CONVERSION = YES_AGGRESSIVE;
				CLANG_CXX_LANGUAGE_STANDARD = "gnu++0x";
				CLANG_CXX_LIBRARY = "libc++";
				CLANG_ENABLE_MODULES = YES;
				CLANG_ENABLE_OBJC_ARC = YES;
				CLANG_WARN_BOOL_CONVERSION = YES;
				CLANG_WARN_CONSTANT_CONVERSION = YES;
				CLANG_WARN_DIRECT_OBJC_ISA_USAGE = YES_ERROR;
				CLANG_WARN_DOCUMENTATION_COMMENTS = YES;
				CLANG_WARN_EMPTY_BODY = YES;
				CLANG_WARN_ENUM_CONVERSION = YES;
				CLANG_WARN_INFINITE_RECURSION = YES;
				CLANG_WARN_INT_CONVERSION = YES;
				CLANG_WARN_OBJC_ROOT_CLASS = YES_ERROR;
				CLANG_WARN_SUSPICIOUS_MOVE = YES;
				CLANG_WARN_UNREACHABLE_CODE = YES;
				CLANG_WARN__DUPLICATE_METHOD_MATCH = YES;
				"CODE_SIGN_IDENTITY[sdk=iphoneos*]" = "iPhone Developer";
				COPY_PHASE_STRIP = NO;
				DEBUG_INFORMATION_FORMAT = "dwarf-with-dsym";
				ENABLE_NS_ASSERTIONS = NO;
				ENABLE_STRICT_OBJC_MSGSEND = YES;
				GCC_C_LANGUAGE_STANDARD = gnu99;
				GCC_NO_COMMON_BLOCKS = YES;
				GCC_WARN_64_TO_32_BIT_CONVERSION = YES;
				GCC_WARN_ABOUT_RETURN_TYPE = YES_ERROR;
				GCC_WARN_UNDECLARED_SELECTOR = YES;
				GCC_WARN_UNINITIALIZED_AUTOS = YES_AGGRESSIVE;
				GCC_WARN_UNUSED_FUNCTION = YES;
				GCC_WARN_UNUSED_VARIABLE = YES;
				IPHONEOS_DEPLOYMENT_TARGET = 10.3;
				MTL_ENABLE_DEBUG_INFO = NO;
				SDKROOT = iphoneos;
				SWIFT_OPTIMIZATION_LEVEL = "-Owholemodule";
				TARGETED_DEVICE_FAMILY = "1,2";
				VALIDATE_PRODUCT = YES;
			};
			name = Release;
		};
		F471C3071EE0DE1800A24BD7 /* Debug */ = {
			isa = XCBuildConfiguration;
			buildSettings = {
				ASSETCATALOG_COMPILER_APPICON_NAME = AppIcon;
				DEVELOPMENT_TEAM = 6A99ZJ3DAC;
				INFOPLIST_FILE = ContactNotes/Info.plist;
				LD_RUNPATH_SEARCH_PATHS = "$(inherited) @executable_path/Frameworks";
				PRODUCT_BUNDLE_IDENTIFIER = com.ZachMcDermott.ContactNotes;
				PRODUCT_NAME = "$(TARGET_NAME)";
				SWIFT_VERSION = 3.0;
			};
			name = Debug;
		};
		F471C3081EE0DE1800A24BD7 /* Release */ = {
			isa = XCBuildConfiguration;
			buildSettings = {
				ASSETCATALOG_COMPILER_APPICON_NAME = AppIcon;
				DEVELOPMENT_TEAM = 6A99ZJ3DAC;
				INFOPLIST_FILE = ContactNotes/Info.plist;
				LD_RUNPATH_SEARCH_PATHS = "$(inherited) @executable_path/Frameworks";
				PRODUCT_BUNDLE_IDENTIFIER = com.ZachMcDermott.ContactNotes;
				PRODUCT_NAME = "$(TARGET_NAME)";
				SWIFT_VERSION = 3.0;
			};
			name = Release;
		};
/* End XCBuildConfiguration section */

/* Begin XCConfigurationList section */
		F471C2EF1EE0DE1800A24BD7 /* Build configuration list for PBXProject "ContactNotes" */ = {
			isa = XCConfigurationList;
			buildConfigurations = (
				F471C3041EE0DE1800A24BD7 /* Debug */,
				F471C3051EE0DE1800A24BD7 /* Release */,
			);
			defaultConfigurationIsVisible = 0;
			defaultConfigurationName = Release;
		};
		F471C3061EE0DE1800A24BD7 /* Build configuration list for PBXNativeTarget "ContactNotes" */ = {
			isa = XCConfigurationList;
			buildConfigurations = (
				F471C3071EE0DE1800A24BD7 /* Debug */,
				F471C3081EE0DE1800A24BD7 /* Release */,
			);
			defaultConfigurationIsVisible = 0;
			defaultConfigurationName = Release;
		};
/* End XCConfigurationList section */
	};
	rootObject = F471C2EC1EE0DE1800A24BD7 /* Project object */;
}
